{
  "name": "gomuku-backend",
  "lockfileVersion": 2,
  "requires": true,
  "packages": {
    "": {
      "dependencies": {
        "n": "^9.1.0"
      }
    },
    "node_modules/n": {
      "version": "9.1.0",
      "resolved": "https://registry.npmjs.org/n/-/n-9.1.0.tgz",
      "integrity": "sha512-fFezMcaE/xD1UXIeC1vKgxzCrAwOjlj4AaX3x7slEdxA/NTQhFKK2JK7iU1d897xf5dJyv8HDrDzk83PEkaZAA==",
      "os": [
        "!win32"
      ],
      "bin": {
        "n": "bin/n"
      },
      "engines": {
        "node": "*"
      }
    }
  },
  "dependencies": {
    "n": {
      "version": "9.1.0",
      "resolved": "https://registry.npmjs.org/n/-/n-9.1.0.tgz",
      "integrity": "sha512-fFezMcaE/xD1UXIeC1vKgxzCrAwOjlj4AaX3x7slEdxA/NTQhFKK2JK7iU1d897xf5dJyv8HDrDzk83PEkaZAA=="
    }
  }
}
